// !$*UTF8*$!
{
	archiveVersion = 1;
	classes = {
	};
	objectVersion = 50;
	objects = {

/* Begin PBXBuildFile section */
		110104052615E4B000A142F5 /* SettingsView.swift in Sources */ = {isa = PBXBuildFile; fileRef = 110104042615E4B000A142F5 /* SettingsView.swift */; };
		1111F5CE25FA738D005BF5AF /* Constants.swift in Sources */ = {isa = PBXBuildFile; fileRef = 1111F5CD25FA738D005BF5AF /* Constants.swift */; };
		1125AE8B260FEBFC001ECCFB /* Color+Extension.swift in Sources */ = {isa = PBXBuildFile; fileRef = 1125AE8A260FEBFC001ECCFB /* Color+Extension.swift */; };
		114EFCD525D9359000A3AA1D /* Question.swift in Sources */ = {isa = PBXBuildFile; fileRef = 114EFCD425D9358F00A3AA1D /* Question.swift */; };
		1158737525FA5EA200F6CA87 /* NavigationController.swift in Sources */ = {isa = PBXBuildFile; fileRef = 1158737425FA5EA200F6CA87 /* NavigationController.swift */; };
		1158737825FA605700F6CA87 /* HeaderView.swift in Sources */ = {isa = PBXBuildFile; fileRef = 1158737725FA605700F6CA87 /* HeaderView.swift */; };
		117428B025D9BB3C0053131D /* CodableBundleExtension.swift in Sources */ = {isa = PBXBuildFile; fileRef = 117428AF25D9BB3C0053131D /* CodableBundleExtension.swift */; };
		1183AE4325D830F80092A299 /* Ultimate_Gaming_QuizApp.swift in Sources */ = {isa = PBXBuildFile; fileRef = 1183AE4225D830F80092A299 /* Ultimate_Gaming_QuizApp.swift */; };
		1183AE4525D830F80092A299 /* ContentView.swift in Sources */ = {isa = PBXBuildFile; fileRef = 1183AE4425D830F80092A299 /* ContentView.swift */; };
		1183AE4725D830F80092A299 /* Assets.xcassets in Resources */ = {isa = PBXBuildFile; fileRef = 1183AE4625D830F80092A299 /* Assets.xcassets */; };
		1183AE4A25D830F80092A299 /* Preview Assets.xcassets in Resources */ = {isa = PBXBuildFile; fileRef = 1183AE4925D830F80092A299 /* Preview Assets.xcassets */; };
		118BB02725FA7699003FE438 /* QuestionView.swift in Sources */ = {isa = PBXBuildFile; fileRef = 118BB02625FA7699003FE438 /* QuestionView.swift */; };
		118BB02B25FA79B8003FE438 /* AnswersListView.swift in Sources */ = {isa = PBXBuildFile; fileRef = 118BB02A25FA79B8003FE438 /* AnswersListView.swift */; };
		118BB02F25FA7CB2003FE438 /* AnswerView.swift in Sources */ = {isa = PBXBuildFile; fileRef = 118BB02E25FA7CB2003FE438 /* AnswerView.swift */; };
		118C2DD225F836D30046A232 /* GameView.swift in Sources */ = {isa = PBXBuildFile; fileRef = 118C2DD125F836D30046A232 /* GameView.swift */; };
		118C2DD525F837F80046A232 /* TitleView.swift in Sources */ = {isa = PBXBuildFile; fileRef = 118C2DD425F837F80046A232 /* TitleView.swift */; };
		118C2DD825F8386B0046A232 /* InstructionsView.swift in Sources */ = {isa = PBXBuildFile; fileRef = 118C2DD725F8386B0046A232 /* InstructionsView.swift */; };
		118C2DDB25F838870046A232 /* GameOverView.swift in Sources */ = {isa = PBXBuildFile; fileRef = 118C2DDA25F838870046A232 /* GameOverView.swift */; };
		118C2DDE25F83A610046A232 /* TitleViewModel.swift in Sources */ = {isa = PBXBuildFile; fileRef = 118C2DDD25F83A610046A232 /* TitleViewModel.swift */; };
		118C2DE125F83D6B0046A232 /* GameState.swift in Sources */ = {isa = PBXBuildFile; fileRef = 118C2DE025F83D6B0046A232 /* GameState.swift */; };
		11BABEB92616026200488198 /* bubble_rainbow.ttf in Resources */ = {isa = PBXBuildFile; fileRef = 118AD4B725FA697700A5DD48 /* bubble_rainbow.ttf */; };
		11EC417325D9BE5900C8036A /* questions.json in Resources */ = {isa = PBXBuildFile; fileRef = 11EC417225D9BE5900C8036A /* questions.json */; };
		11EE1B3625E2A0A200DC93BD /* GameViewModel.swift in Sources */ = {isa = PBXBuildFile; fileRef = 11EE1B3525E2A0A200DC93BD /* GameViewModel.swift */; };
		11EFC79F25E44E7900A4688A /* Game.swift in Sources */ = {isa = PBXBuildFile; fileRef = 11EFC79E25E44E7900A4688A /* Game.swift */; };
/* End PBXBuildFile section */

/* Begin PBXFileReference section */
		110104042615E4B000A142F5 /* SettingsView.swift */ = {isa = PBXFileReference; lastKnownFileType = sourcecode.swift; path = SettingsView.swift; sourceTree = "<group>"; };
		1111F5CD25FA738D005BF5AF /* Constants.swift */ = {isa = PBXFileReference; lastKnownFileType = sourcecode.swift; path = Constants.swift; sourceTree = "<group>"; };
		1125AE8A260FEBFC001ECCFB /* Color+Extension.swift */ = {isa = PBXFileReference; lastKnownFileType = sourcecode.swift; path = "Color+Extension.swift"; sourceTree = "<group>"; };
		114EFCD425D9358F00A3AA1D /* Question.swift */ = {isa = PBXFileReference; lastKnownFileType = sourcecode.swift; path = Question.swift; sourceTree = "<group>"; };
		1158737425FA5EA200F6CA87 /* NavigationController.swift */ = {isa = PBXFileReference; lastKnownFileType = sourcecode.swift; name = NavigationController.swift; path = ../../../../Music/NavigationController.swift; sourceTree = "<group>"; };
		1158737725FA605700F6CA87 /* HeaderView.swift */ = {isa = PBXFileReference; lastKnownFileType = sourcecode.swift; path = HeaderView.swift; sourceTree = "<group>"; };
		117428AF25D9BB3C0053131D /* CodableBundleExtension.swift */ = {isa = PBXFileReference; lastKnownFileType = sourcecode.swift; path = CodableBundleExtension.swift; sourceTree = "<group>"; };
		1183AE3F25D830F80092A299 /* Ultimate Gaming Quiz.app */ = {isa = PBXFileReference; explicitFileType = wrapper.application; includeInIndex = 0; path = "Ultimate Gaming Quiz.app"; sourceTree = BUILT_PRODUCTS_DIR; };
		1183AE4225D830F80092A299 /* Ultimate_Gaming_QuizApp.swift */ = {isa = PBXFileReference; lastKnownFileType = sourcecode.swift; path = Ultimate_Gaming_QuizApp.swift; sourceTree = "<group>"; };
		1183AE4425D830F80092A299 /* ContentView.swift */ = {isa = PBXFileReference; lastKnownFileType = sourcecode.swift; path = ContentView.swift; sourceTree = "<group>"; };
		1183AE4625D830F80092A299 /* Assets.xcassets */ = {isa = PBXFileReference; lastKnownFileType = folder.assetcatalog; path = Assets.xcassets; sourceTree = "<group>"; };
		1183AE4925D830F80092A299 /* Preview Assets.xcassets */ = {isa = PBXFileReference; lastKnownFileType = folder.assetcatalog; path = "Preview Assets.xcassets"; sourceTree = "<group>"; };
		1183AE4B25D830F80092A299 /* Info.plist */ = {isa = PBXFileReference; lastKnownFileType = text.plist.xml; path = Info.plist; sourceTree = "<group>"; };
		118AD4B725FA697700A5DD48 /* bubble_rainbow.ttf */ = {isa = PBXFileReference; lastKnownFileType = file; path = bubble_rainbow.ttf; sourceTree = "<group>"; };
		118BB02625FA7699003FE438 /* QuestionView.swift */ = {isa = PBXFileReference; lastKnownFileType = sourcecode.swift; path = QuestionView.swift; sourceTree = "<group>"; };
		118BB02A25FA79B8003FE438 /* AnswersListView.swift */ = {isa = PBXFileReference; lastKnownFileType = sourcecode.swift; path = AnswersListView.swift; sourceTree = "<group>"; };
		118BB02E25FA7CB2003FE438 /* AnswerView.swift */ = {isa = PBXFileReference; lastKnownFileType = sourcecode.swift; path = AnswerView.swift; sourceTree = "<group>"; };
		118C2DD125F836D30046A232 /* GameView.swift */ = {isa = PBXFileReference; lastKnownFileType = sourcecode.swift; path = GameView.swift; sourceTree = "<group>"; };
		118C2DD425F837F80046A232 /* TitleView.swift */ = {isa = PBXFileReference; lastKnownFileType = sourcecode.swift; path = TitleView.swift; sourceTree = "<group>"; };
		118C2DD725F8386B0046A232 /* InstructionsView.swift */ = {isa = PBXFileReference; lastKnownFileType = sourcecode.swift; path = InstructionsView.swift; sourceTree = "<group>"; };
		118C2DDA25F838870046A232 /* GameOverView.swift */ = {isa = PBXFileReference; lastKnownFileType = sourcecode.swift; path = GameOverView.swift; sourceTree = "<group>"; };
		118C2DDD25F83A610046A232 /* TitleViewModel.swift */ = {isa = PBXFileReference; lastKnownFileType = sourcecode.swift; path = TitleViewModel.swift; sourceTree = "<group>"; };
		118C2DE025F83D6B0046A232 /* GameState.swift */ = {isa = PBXFileReference; lastKnownFileType = sourcecode.swift; path = GameState.swift; sourceTree = "<group>"; };
		11BABEBB261603B800488198 /* README.md */ = {isa = PBXFileReference; lastKnownFileType = net.daringfireball.markdown; path = README.md; sourceTree = "<group>"; };
		11EC417225D9BE5900C8036A /* questions.json */ = {isa = PBXFileReference; fileEncoding = 4; lastKnownFileType = text.json; path = questions.json; sourceTree = "<group>"; };
		11EE1B3525E2A0A200DC93BD /* GameViewModel.swift */ = {isa = PBXFileReference; lastKnownFileType = sourcecode.swift; path = GameViewModel.swift; sourceTree = "<group>"; };
		11EFC79E25E44E7900A4688A /* Game.swift */ = {isa = PBXFileReference; lastKnownFileType = sourcecode.swift; path = Game.swift; sourceTree = "<group>"; };
/* End PBXFileReference section */

/* Begin PBXFrameworksBuildPhase section */
		1183AE3C25D830F80092A299 /* Frameworks */ = {
			isa = PBXFrameworksBuildPhase;
			buildActionMask = 2147483647;
			files = (
			);
			runOnlyForDeploymentPostprocessing = 0;
		};
/* End PBXFrameworksBuildPhase section */

/* Begin PBXGroup section */
		114EFCD325D9358600A3AA1D /* Models */ = {
			isa = PBXGroup;
			children = (
				114EFCD425D9358F00A3AA1D /* Question.swift */,
				11EFC79E25E44E7900A4688A /* Game.swift */,
				118C2DE025F83D6B0046A232 /* GameState.swift */,
			);
			path = Models;
			sourceTree = "<group>";
		};
		1158737225FA5BB200F6CA87 /* Sub Views */ = {
			isa = PBXGroup;
			children = (
				1158737725FA605700F6CA87 /* HeaderView.swift */,
				118BB02625FA7699003FE438 /* QuestionView.swift */,
				118BB02A25FA79B8003FE438 /* AnswersListView.swift */,
				118BB02E25FA7CB2003FE438 /* AnswerView.swift */,
				110104042615E4B000A142F5 /* SettingsView.swift */,
			);
			path = "Sub Views";
			sourceTree = "<group>";
		};
		117428AE25D9BB080053131D /* Extension */ = {
			isa = PBXGroup;
			children = (
				117428AF25D9BB3C0053131D /* CodableBundleExtension.swift */,
				1125AE8A260FEBFC001ECCFB /* Color+Extension.swift */,
			);
			path = Extension;
			sourceTree = "<group>";
		};
		1183AE3625D830F80092A299 = {
			isa = PBXGroup;
			children = (
				1183AE4125D830F80092A299 /* Ultimate Gaming Quiz */,
				1183AE4025D830F80092A299 /* Products */,
			);
			sourceTree = "<group>";
		};
		1183AE4025D830F80092A299 /* Products */ = {
			isa = PBXGroup;
			children = (
				1183AE3F25D830F80092A299 /* Ultimate Gaming Quiz.app */,
			);
			name = Products;
			sourceTree = "<group>";
		};
		1183AE4125D830F80092A299 /* Ultimate Gaming Quiz */ = {
			isa = PBXGroup;
			children = (
				11EE1B3425E2A09600DC93BD /* ViewModel */,
				11EC417525D9BF8800C8036A /* Views */,
				11C186D225D96D300010BA41 /* Data */,
				117428AE25D9BB080053131D /* Extension */,
				114EFCD325D9358600A3AA1D /* Models */,
				1183AE4225D830F80092A299 /* Ultimate_Gaming_QuizApp.swift */,
				118AD4B725FA697700A5DD48 /* bubble_rainbow.ttf */,
				1183AE4425D830F80092A299 /* ContentView.swift */,
				1183AE4625D830F80092A299 /* Assets.xcassets */,
				1183AE4B25D830F80092A299 /* Info.plist */,
				1183AE4825D830F80092A299 /* Preview Content */,
				1111F5CD25FA738D005BF5AF /* Constants.swift */,
				11BABEBB261603B800488198 /* README.md */,
			);
			path = "Ultimate Gaming Quiz";
			sourceTree = "<group>";
		};
		1183AE4825D830F80092A299 /* Preview Content */ = {
			isa = PBXGroup;
			children = (
				1183AE4925D830F80092A299 /* Preview Assets.xcassets */,
			);
			path = "Preview Content";
			sourceTree = "<group>";
		};
		11C186D225D96D300010BA41 /* Data */ = {
			isa = PBXGroup;
			children = (
				11EC417225D9BE5900C8036A /* questions.json */,
			);
			path = Data;
			sourceTree = "<group>";
		};
		11EC417525D9BF8800C8036A /* Views */ = {
			isa = PBXGroup;
			children = (
				1158737225FA5BB200F6CA87 /* Sub Views */,
				118C2DD125F836D30046A232 /* GameView.swift */,
				118C2DD425F837F80046A232 /* TitleView.swift */,
				118C2DD725F8386B0046A232 /* InstructionsView.swift */,
				118C2DDA25F838870046A232 /* GameOverView.swift */,
			);
			path = Views;
			sourceTree = "<group>";
		};
		11EE1B3425E2A09600DC93BD /* ViewModel */ = {
			isa = PBXGroup;
			children = (
				11EE1B3525E2A0A200DC93BD /* GameViewModel.swift */,
				118C2DDD25F83A610046A232 /* TitleViewModel.swift */,
				1158737425FA5EA200F6CA87 /* NavigationController.swift */,
			);
			path = ViewModel;
			sourceTree = "<group>";
		};
/* End PBXGroup section */

/* Begin PBXNativeTarget section */
		1183AE3E25D830F80092A299 /* Ultimate Gaming Quiz */ = {
			isa = PBXNativeTarget;
			buildConfigurationList = 1183AE4E25D830F80092A299 /* Build configuration list for PBXNativeTarget "Ultimate Gaming Quiz" */;
			buildPhases = (
				1183AE3B25D830F80092A299 /* Sources */,
				1183AE3C25D830F80092A299 /* Frameworks */,
				1183AE3D25D830F80092A299 /* Resources */,
			);
			buildRules = (
			);
			dependencies = (
			);
			name = "Ultimate Gaming Quiz";
			productName = "Ultimate Gaming Quiz";
			productReference = 1183AE3F25D830F80092A299 /* Ultimate Gaming Quiz.app */;
			productType = "com.apple.product-type.application";
		};
/* End PBXNativeTarget section */

/* Begin PBXProject section */
		1183AE3725D830F80092A299 /* Project object */ = {
			isa = PBXProject;
			attributes = {
				LastSwiftUpdateCheck = 1240;
				LastUpgradeCheck = 1240;
				TargetAttributes = {
					1183AE3E25D830F80092A299 = {
						CreatedOnToolsVersion = 12.4;
					};
				};
			};
			buildConfigurationList = 1183AE3A25D830F80092A299 /* Build configuration list for PBXProject "Ultimate Gaming Quiz" */;
			compatibilityVersion = "Xcode 9.3";
			developmentRegion = en;
			hasScannedForEncodings = 0;
			knownRegions = (
				en,
				Base,
			);
			mainGroup = 1183AE3625D830F80092A299;
			productRefGroup = 1183AE4025D830F80092A299 /* Products */;
			projectDirPath = "";
			projectRoot = "";
			targets = (
				1183AE3E25D830F80092A299 /* Ultimate Gaming Quiz */,
			);
		};
/* End PBXProject section */

/* Begin PBXResourcesBuildPhase section */
		1183AE3D25D830F80092A299 /* Resources */ = {
			isa = PBXResourcesBuildPhase;
			buildActionMask = 2147483647;
			files = (
				11EC417325D9BE5900C8036A /* questions.json in Resources */,
				1183AE4A25D830F80092A299 /* Preview Assets.xcassets in Resources */,
				1183AE4725D830F80092A299 /* Assets.xcassets in Resources */,
				11BABEB92616026200488198 /* bubble_rainbow.ttf in Resources */,
			);
			runOnlyForDeploymentPostprocessing = 0;
		};
/* End PBXResourcesBuildPhase section */

/* Begin PBXSourcesBuildPhase section */
		1183AE3B25D830F80092A299 /* Sources */ = {
			isa = PBXSourcesBuildPhase;
			buildActionMask = 2147483647;
			files = (
				118BB02725FA7699003FE438 /* QuestionView.swift in Sources */,
				118C2DDB25F838870046A232 /* GameOverView.swift in Sources */,
				1111F5CE25FA738D005BF5AF /* Constants.swift in Sources */,
				1158737825FA605700F6CA87 /* HeaderView.swift in Sources */,
				11EFC79F25E44E7900A4688A /* Game.swift in Sources */,
				110104052615E4B000A142F5 /* SettingsView.swift in Sources */,
				1183AE4525D830F80092A299 /* ContentView.swift in Sources */,
				114EFCD525D9359000A3AA1D /* Question.swift in Sources */,
				118BB02B25FA79B8003FE438 /* AnswersListView.swift in Sources */,
				118C2DE125F83D6B0046A232 /* GameState.swift in Sources */,
				1125AE8B260FEBFC001ECCFB /* Color+Extension.swift in Sources */,
				118C2DD225F836D30046A232 /* GameView.swift in Sources */,
				1158737525FA5EA200F6CA87 /* NavigationController.swift in Sources */,
				1183AE4325D830F80092A299 /* Ultimate_Gaming_QuizApp.swift in Sources */,
				11EE1B3625E2A0A200DC93BD /* GameViewModel.swift in Sources */,
				117428B025D9BB3C0053131D /* CodableBundleExtension.swift in Sources */,
				118BB02F25FA7CB2003FE438 /* AnswerView.swift in Sources */,
				118C2DD525F837F80046A232 /* TitleView.swift in Sources */,
				118C2DD825F8386B0046A232 /* InstructionsView.swift in Sources */,
				118C2DDE25F83A610046A232 /* TitleViewModel.swift in Sources */,
			);
			runOnlyForDeploymentPostprocessing = 0;
		};
/* End PBXSourcesBuildPhase section */

/* Begin XCBuildConfiguration section */
		1183AE4C25D830F80092A299 /* Debug */ = {
			isa = XCBuildConfiguration;
			buildSettings = {
				ALWAYS_SEARCH_USER_PATHS = NO;
				CLANG_ANALYZER_NONNULL = YES;
				CLANG_ANALYZER_NUMBER_OBJECT_CONVERSION = YES_AGGRESSIVE;
				CLANG_CXX_LANGUAGE_STANDARD = "gnu++14";
				CLANG_CXX_LIBRARY = "libc++";
				CLANG_ENABLE_MODULES = YES;
				CLANG_ENABLE_OBJC_ARC = YES;
				CLANG_ENABLE_OBJC_WEAK = YES;
				CLANG_WARN_BLOCK_CAPTURE_AUTORELEASING = YES;
				CLANG_WARN_BOOL_CONVERSION = YES;
				CLANG_WARN_COMMA = YES;
				CLANG_WARN_CONSTANT_CONVERSION = YES;
				CLANG_WARN_DEPRECATED_OBJC_IMPLEMENTATIONS = YES;
				CLANG_WARN_DIRECT_OBJC_ISA_USAGE = YES_ERROR;
				CLANG_WARN_DOCUMENTATION_COMMENTS = YES;
				CLANG_WARN_EMPTY_BODY = YES;
				CLANG_WARN_ENUM_CONVERSION = YES;
				CLANG_WARN_INFINITE_RECURSION = YES;
				CLANG_WARN_INT_CONVERSION = YES;
				CLANG_WARN_NON_LITERAL_NULL_CONVERSION = YES;
				CLANG_WARN_OBJC_IMPLICIT_RETAIN_SELF = YES;
				CLANG_WARN_OBJC_LITERAL_CONVERSION = YES;
				CLANG_WARN_OBJC_ROOT_CLASS = YES_ERROR;
				CLANG_WARN_QUOTED_INCLUDE_IN_FRAMEWORK_HEADER = YES;
				CLANG_WARN_RANGE_LOOP_ANALYSIS = YES;
				CLANG_WARN_STRICT_PROTOTYPES = YES;
				CLANG_WARN_SUSPICIOUS_MOVE = YES;
				CLANG_WARN_UNGUARDED_AVAILABILITY = YES_AGGRESSIVE;
				CLANG_WARN_UNREACHABLE_CODE = YES;
				CLANG_WARN__DUPLICATE_METHOD_MATCH = YES;
				COPY_PHASE_STRIP = NO;
				DEBUG_INFORMATION_FORMAT = dwarf;
				ENABLE_STRICT_OBJC_MSGSEND = YES;
				ENABLE_TESTABILITY = YES;
				GCC_C_LANGUAGE_STANDARD = gnu11;
				GCC_DYNAMIC_NO_PIC = NO;
				GCC_NO_COMMON_BLOCKS = YES;
				GCC_OPTIMIZATION_LEVEL = 0;
				GCC_PREPROCESSOR_DEFINITIONS = (
					"DEBUG=1",
					"$(inherited)",
				);
				GCC_WARN_64_TO_32_BIT_CONVERSION = YES;
				GCC_WARN_ABOUT_RETURN_TYPE = YES_ERROR;
				GCC_WARN_UNDECLARED_SELECTOR = YES;
				GCC_WARN_UNINITIALIZED_AUTOS = YES_AGGRESSIVE;
				GCC_WARN_UNUSED_FUNCTION = YES;
				GCC_WARN_UNUSED_VARIABLE = YES;
				IPHONEOS_DEPLOYMENT_TARGET = 14.4;
				MTL_ENABLE_DEBUG_INFO = INCLUDE_SOURCE;
				MTL_FAST_MATH = YES;
				ONLY_ACTIVE_ARCH = YES;
				SDKROOT = iphoneos;
				SWIFT_ACTIVE_COMPILATION_CONDITIONS = DEBUG;
				SWIFT_OPTIMIZATION_LEVEL = "-Onone";
			};
			name = Debug;
		};
		1183AE4D25D830F80092A299 /* Release */ = {
			isa = XCBuildConfiguration;
			buildSettings = {
				ALWAYS_SEARCH_USER_PATHS = NO;
				CLANG_ANALYZER_NONNULL = YES;
				CLANG_ANALYZER_NUMBER_OBJECT_CONVERSION = YES_AGGRESSIVE;
				CLANG_CXX_LANGUAGE_STANDARD = "gnu++14";
				CLANG_CXX_LIBRARY = "libc++";
				CLANG_ENABLE_MODULES = YES;
				CLANG_ENABLE_OBJC_ARC = YES;
				CLANG_ENABLE_OBJC_WEAK = YES;
				CLANG_WARN_BLOCK_CAPTURE_AUTORELEASING = YES;
				CLANG_WARN_BOOL_CONVERSION = YES;
				CLANG_WARN_COMMA = YES;
				CLANG_WARN_CONSTANT_CONVERSION = YES;
				CLANG_WARN_DEPRECATED_OBJC_IMPLEMENTATIONS = YES;
				CLANG_WARN_DIRECT_OBJC_ISA_USAGE = YES_ERROR;
				CLANG_WARN_DOCUMENTATION_COMMENTS = YES;
				CLANG_WARN_EMPTY_BODY = YES;
				CLANG_WARN_ENUM_CONVERSION = YES;
				CLANG_WARN_INFINITE_RECURSION = YES;
				CLANG_WARN_INT_CONVERSION = YES;
				CLANG_WARN_NON_LITERAL_NULL_CONVERSION = YES;
				CLANG_WARN_OBJC_IMPLICIT_RETAIN_SELF = YES;
				CLANG_WARN_OBJC_LITERAL_CONVERSION = YES;
				CLANG_WARN_OBJC_ROOT_CLASS = YES_ERROR;
				CLANG_WARN_QUOTED_INCLUDE_IN_FRAMEWORK_HEADER = YES;
				CLANG_WARN_RANGE_LOOP_ANALYSIS = YES;
				CLANG_WARN_STRICT_PROTOTYPES = YES;
				CLANG_WARN_SUSPICIOUS_MOVE = YES;
				CLANG_WARN_UNGUARDED_AVAILABILITY = YES_AGGRESSIVE;
				CLANG_WARN_UNREACHABLE_CODE = YES;
				CLANG_WARN__DUPLICATE_METHOD_MATCH = YES;
				COPY_PHASE_STRIP = NO;
				DEBUG_INFORMATION_FORMAT = "dwarf-with-dsym";
				ENABLE_NS_ASSERTIONS = NO;
				ENABLE_STRICT_OBJC_MSGSEND = YES;
				GCC_C_LANGUAGE_STANDARD = gnu11;
				GCC_NO_COMMON_BLOCKS = YES;
				GCC_WARN_64_TO_32_BIT_CONVERSION = YES;
				GCC_WARN_ABOUT_RETURN_TYPE = YES_ERROR;
				GCC_WARN_UNDECLARED_SELECTOR = YES;
				GCC_WARN_UNINITIALIZED_AUTOS = YES_AGGRESSIVE;
				GCC_WARN_UNUSED_FUNCTION = YES;
				GCC_WARN_UNUSED_VARIABLE = YES;
				IPHONEOS_DEPLOYMENT_TARGET = 14.4;
				MTL_ENABLE_DEBUG_INFO = NO;
				MTL_FAST_MATH = YES;
				SDKROOT = iphoneos;
				SWIFT_COMPILATION_MODE = wholemodule;
				SWIFT_OPTIMIZATION_LEVEL = "-O";
				VALIDATE_PRODUCT = YES;
			};
			name = Release;
		};
		1183AE4F25D830F80092A299 /* Debug */ = {
			isa = XCBuildConfiguration;
			buildSettings = {
				ASSETCATALOG_COMPILER_APPICON_NAME = AppIcon;
				ASSETCATALOG_COMPILER_GLOBAL_ACCENT_COLOR_NAME = AccentColor;
				CODE_SIGN_STYLE = Automatic;
				DEVELOPMENT_ASSET_PATHS = "\"Ultimate Gaming Quiz/Preview Content\"";
				DEVELOPMENT_TEAM = C6DQVPTV2K;
				ENABLE_PREVIEWS = YES;
				INFOPLIST_FILE = "Ultimate Gaming Quiz/Info.plist";
				IPHONEOS_DEPLOYMENT_TARGET = 14.0;
				LD_RUNPATH_SEARCH_PATHS = (
					"$(inherited)",
					"@executable_path/Frameworks",
				);
				PRODUCT_BUNDLE_IDENTIFIER = "uk.co.rickbrown.Ultimate-Gaming-Quiz";
				PRODUCT_NAME = "$(TARGET_NAME)";
				SWIFT_VERSION = 5.0;
				TARGETED_DEVICE_FAMILY = "1,2";
			};
			name = Debug;
		};
		1183AE5025D830F80092A299 /* Release */ = {
			isa = XCBuildConfiguration;
			buildSettings = {
				ASSETCATALOG_COMPILER_APPICON_NAME = AppIcon;
				ASSETCATALOG_COMPILER_GLOBAL_ACCENT_COLOR_NAME = AccentColor;
				CODE_SIGN_STYLE = Automatic;
				DEVELOPMENT_ASSET_PATHS = "\"Ultimate Gaming Quiz/Preview Content\"";
				DEVELOPMENT_TEAM = C6DQVPTV2K;
				ENABLE_PREVIEWS = YES;
				INFOPLIST_FILE = "Ultimate Gaming Quiz/Info.plist";
				IPHONEOS_DEPLOYMENT_TARGET = 14.0;
				LD_RUNPATH_SEARCH_PATHS = (
					"$(inherited)",
					"@executable_path/Frameworks",
				);
				PRODUCT_BUNDLE_IDENTIFIER = "uk.co.rickbrown.Ultimate-Gaming-Quiz";
				PRODUCT_NAME = "$(TARGET_NAME)";
				SWIFT_VERSION = 5.0;
				TARGETED_DEVICE_FAMILY = "1,2";
			};
			name = Release;
		};
/* End XCBuildConfiguration section */

/* Begin XCConfigurationList section */
		1183AE3A25D830F80092A299 /* Build configuration list for PBXProject "Ultimate Gaming Quiz" */ = {
			isa = XCConfigurationList;
			buildConfigurations = (
				1183AE4C25D830F80092A299 /* Debug */,
				1183AE4D25D830F80092A299 /* Release */,
			);
			defaultConfigurationIsVisible = 0;
			defaultConfigurationName = Release;
		};
		1183AE4E25D830F80092A299 /* Build configuration list for PBXNativeTarget "Ultimate Gaming Quiz" */ = {
			isa = XCConfigurationList;
			buildConfigurations = (
				1183AE4F25D830F80092A299 /* Debug */,
				1183AE5025D830F80092A299 /* Release */,
			);
			defaultConfigurationIsVisible = 0;
			defaultConfigurationName = Release;
		};
/* End XCConfigurationList section */
	};
	rootObject = 1183AE3725D830F80092A299 /* Project object */;
}
